{
  "name": "sticky",
  "version": "1.0.0",
  "lockfileVersion": 1,
  "dependencies": {
    "stickybits": {
      "version": "1.3.3",
      "resolved": "https://registry.npmjs.org/stickybits/-/stickybits-1.3.3.tgz",
      "integrity": "sha512-JI3F7RUmbPwiX6UGCjGJ07Wr+BSHFyP1rAhVSqq4J5XFSMxgh7iozqe3zEUPzwo1juURI2TqixHGy2gvgfJzdQ==",
      "dev": true
    }
  }
}
